
Microsoft Visual Studio Solution File, Format Version 12.00
# Visual Studio Version 17
VisualStudioVersion = 17.3.32929.385
MinimumVisualStudioVersion = 10.0.40219.1
Project("{FAE04EC0-301F-11D3-BF4B-00C04F79EFBC}") = "Corona_system", "Corona_system\Corona_system.csproj", "{538449E6-6463-452B-8341-DAC19FD61E96}"
EndProject
Global
	GlobalSection(SolutionConfigurationPlatforms) = preSolution
		Debug|Any CPU = Debug|Any CPU
		Release|Any CPU = Release|Any CPU
	EndGlobalSection
	GlobalSection(ProjectConfigurationPlatforms) = postSolution
		{538449E6-6463-452B-8341-DAC19FD61E96}.Debug|Any CPU.ActiveCfg = Debug|Any CPU
		{538449E6-6463-452B-8341-DAC19FD61E96}.Debug|Any CPU.Build.0 = Debug|Any CPU
		{538449E6-6463-452B-8341-DAC19FD61E96}.Release|Any CPU.ActiveCfg = Release|Any CPU
		{538449E6-6463-452B-8341-DAC19FD61E96}.Release|Any CPU.Build.0 = Release|Any CPU
	EndGlobalSection
	GlobalSection(SolutionProperties) = preSolution
		HideSolutionNode = FALSE
	EndGlobalSection
	GlobalSection(ExtensibilityGlobals) = postSolution
		SolutionGuid = {0BF7B386-7E28-42EB-90BA-22A9FDCF7416}
	EndGlobalSection
EndGlobal
